lockfileVersion: 5.3

specifiers:
  '@rush-temp/app1': file:./projects/app1.tgz
  '@rush-temp/app2': file:./projects/app2.tgz
  '@rush-temp/app3': file:./projects/app3.tgz
  lodash: 4.17.21

dependencies:
  '@rush-temp/app1': file:projects/app1.tgz
  '@rush-temp/app2': file:projects/app2.tgz
  '@rush-temp/app3': file:projects/app3.tgz
  lodash: 4.17.21

packages:

  /lodash/4.17.21:
    resolution: {integrity: sha512-v2kDEe57lecTulaDIuNTPy3Ry4gLGJ6Z1O3vE1krgXZNrsQ+LFTGHVxVjcXPs17LhbZVGedAJv8XZ1tvj5FvSg==}
    dev: false

  file:projects/app1.tgz:
    resolution: {integrity: sha512-sD3OfaY23ZgEU9ggnaVuum6hHYapxuWE3MHYmZgoSeT9TG9PuEhgdyF2YQ0rVq+eEULNM41XcRbnQSpZGaM8MQ==, tarball: file:projects/app1.tgz}
    name: '@rush-temp/app1'
    version: 0.0.0
    dependencies:
      lodash: 4.17.21
    dev: false

  file:projects/app2.tgz:
    resolution: {integrity: sha512-3btxRlm32kGfkiHcIgPqPzhcyXZfAa/L7xxe2lKQTTt6Jl4U7PdTfJ2PlT4UeRzkzQxF7ikIoh/JKa6aOJ1eag==, tarball: file:projects/app2.tgz}
    name: '@rush-temp/app2'
    version: 0.0.0
    dependencies:
      lodash: 4.17.21
    dev: false

  file:projects/app3.tgz:
    resolution: {integrity: sha512-afY/Z5qoiTH+Yx6MsgjNxRgLPSbVtNYm3T20OyfsvDfe9BAFPfuVtpTFsPfbXAGWwtTkwfiFBW/DwJ41CovPOg==, tarball: file:projects/app3.tgz}
    name: '@rush-temp/app3'
    version: 0.0.0
    dependencies:
      lodash: 4.17.21
    dev: false
